
Microsoft Visual Studio Solution File, Format Version 12.00
# Visual Studio Version 16
VisualStudioVersion = 16.0.30114.105
MinimumVisualStudioVersion = 10.0.40219.1
Project("{FAE04EC0-301F-11D3-BF4B-00C04F79EFBC}") = "Backend", "Backend\Backend.csproj", "{ADEC89A7-8490-421D-8ED0-CC786D7C4C84}"
EndProject
Project("{FAE04EC0-301F-11D3-BF4B-00C04F79EFBC}") = "Backend.Tests", "Backend.Tests\Backend.Tests.csproj", "{29E45E59-5E7D-4DC3-BEA0-20C8EB327E96}"
EndProject
Global
	GlobalSection(SolutionConfigurationPlatforms) = preSolution
		Debug|Any CPU = Debug|Any CPU
		Release|Any CPU = Release|Any CPU
	EndGlobalSection
	GlobalSection(SolutionProperties) = preSolution
		HideSolutionNode = FALSE
	EndGlobalSection
	GlobalSection(ProjectConfigurationPlatforms) = postSolution
		{ADEC89A7-8490-421D-8ED0-CC786D7C4C84}.Debug|Any CPU.ActiveCfg = Debug|Any CPU
		{ADEC89A7-8490-421D-8ED0-CC786D7C4C84}.Debug|Any CPU.Build.0 = Debug|Any CPU
		{ADEC89A7-8490-421D-8ED0-CC786D7C4C84}.Release|Any CPU.ActiveCfg = Release|Any CPU
		{ADEC89A7-8490-421D-8ED0-CC786D7C4C84}.Release|Any CPU.Build.0 = Release|Any CPU
		{29E45E59-5E7D-4DC3-BEA0-20C8EB327E96}.Debug|Any CPU.ActiveCfg = Debug|Any CPU
		{29E45E59-5E7D-4DC3-BEA0-20C8EB327E96}.Debug|Any CPU.Build.0 = Debug|Any CPU
		{29E45E59-5E7D-4DC3-BEA0-20C8EB327E96}.Release|Any CPU.ActiveCfg = Release|Any CPU
		{29E45E59-5E7D-4DC3-BEA0-20C8EB327E96}.Release|Any CPU.Build.0 = Release|Any CPU
	EndGlobalSection
EndGlobal
